Microsoft Visual Studio Solution File, Format Version 12.00
# Visual Studio 14
VisualStudioVersion = 14.0.25420.1
MinimumVisualStudioVersion = 10.0.40219.1
Project("{FAE04EC0-301F-11D3-BF4B-00C04F79EFBC}") = "FBPlay", "FBPlay\FBPlay.csproj", "{C1E0223D-5586-40D1-B774-17D5EAA47B44}"
EndProject
Project("{FAE04EC0-301F-11D3-BF4B-00C04F79EFBC}") = "FBPlay.iOS", "iOS\FBPlay.iOS.csproj", "{2E8A3F0D-7EF0-4FC9-9792-E48A88515B4F}"
EndProject
Project("{FAE04EC0-301F-11D3-BF4B-00C04F79EFBC}") = "FBPlay.Droid", "Droid\FBPlay.Droid.csproj", "{3F24CBA2-6606-45D2-BF72-5F8163C229D3}"
EndProject
Project("{FAE04EC0-301F-11D3-BF4B-00C04F79EFBC}") = "FBPlay.UWP", "UWP\FBPlay.UWP.csproj", "{49B53460-E351-4CD1-80F0-56B69F196B50}"
EndProject
Project("{FAE04EC0-301F-11D3-BF4B-00C04F79EFBC}") = "FBPlay.Mac", "Mac\FBPlay.Mac.csproj", "{6957E4AA-93B7-4BE3-8D74-38D8BB2A94D3}"
EndProject
Global
	GlobalSection(SolutionConfigurationPlatforms) = preSolution
		Debug|Any CPU = Debug|Any CPU
		Debug|ARM = Debug|ARM
		Debug|iPhone = Debug|iPhone
		Debug|iPhoneSimulator = Debug|iPhoneSimulator
		Debug|x64 = Debug|x64
		Debug|x86 = Debug|x86
		Release|Any CPU = Release|Any CPU
		Release|ARM = Release|ARM
		Release|iPhone = Release|iPhone
		Release|iPhoneSimulator = Release|iPhoneSimulator
		Release|x64 = Release|x64
		Release|x86 = Release|x86
	EndGlobalSection
	GlobalSection(ProjectConfigurationPlatforms) = postSolution
		{C1E0223D-5586-40D1-B774-17D5EAA47B44}.Debug|Any CPU.ActiveCfg = Debug|Any CPU
		{C1E0223D-5586-40D1-B774-17D5EAA47B44}.Debug|Any CPU.Build.0 = Debug|Any CPU
		{C1E0223D-5586-40D1-B774-17D5EAA47B44}.Debug|ARM.ActiveCfg = Debug|Any CPU
		{C1E0223D-5586-40D1-B774-17D5EAA47B44}.Debug|ARM.Build.0 = Debug|Any CPU
		{C1E0223D-5586-40D1-B774-17D5EAA47B44}.Debug|iPhone.ActiveCfg = Debug|Any CPU
		{C1E0223D-5586-40D1-B774-17D5EAA47B44}.Debug|iPhone.Build.0 = Debug|Any CPU
		{C1E0223D-5586-40D1-B774-17D5EAA47B44}.Debug|iPhoneSimulator.ActiveCfg = Debug|Any CPU
		{C1E0223D-5586-40D1-B774-17D5EAA47B44}.Debug|iPhoneSimulator.Build.0 = Debug|Any CPU
		{C1E0223D-5586-40D1-B774-17D5EAA47B44}.Debug|x64.ActiveCfg = Debug|Any CPU
		{C1E0223D-5586-40D1-B774-17D5EAA47B44}.Debug|x64.Build.0 = Debug|Any CPU
		{C1E0223D-5586-40D1-B774-17D5EAA47B44}.Debug|x86.ActiveCfg = Debug|Any CPU
		{C1E0223D-5586-40D1-B774-17D5EAA47B44}.Debug|x86.Build.0 = Debug|Any CPU
		{C1E0223D-5586-40D1-B774-17D5EAA47B44}.Release|Any CPU.ActiveCfg = Release|Any CPU
		{C1E0223D-5586-40D1-B774-17D5EAA47B44}.Release|Any CPU.Build.0 = Release|Any CPU
		{C1E0223D-5586-40D1-B774-17D5EAA47B44}.Release|ARM.ActiveCfg = Release|Any CPU
		{C1E0223D-5586-40D1-B774-17D5EAA47B44}.Release|ARM.Build.0 = Release|Any CPU
		{C1E0223D-5586-40D1-B774-17D5EAA47B44}.Release|iPhone.ActiveCfg = Release|Any CPU
		{C1E0223D-5586-40D1-B774-17D5EAA47B44}.Release|iPhone.Build.0 = Release|Any CPU
		{C1E0223D-5586-40D1-B774-17D5EAA47B44}.Release|iPhoneSimulator.ActiveCfg = Release|Any CPU
		{C1E0223D-5586-40D1-B774-17D5EAA47B44}.Release|iPhoneSimulator.Build.0 = Release|Any CPU
		{C1E0223D-5586-40D1-B774-17D5EAA47B44}.Release|x64.ActiveCfg = Release|Any CPU
		{C1E0223D-5586-40D1-B774-17D5EAA47B44}.Release|x64.Build.0 = Release|Any CPU
		{C1E0223D-5586-40D1-B774-17D5EAA47B44}.Release|x86.ActiveCfg = Release|Any CPU
		{C1E0223D-5586-40D1-B774-17D5EAA47B44}.Release|x86.Build.0 = Release|Any CPU
		{2E8A3F0D-7EF0-4FC9-9792-E48A88515B4F}.Debug|Any CPU.ActiveCfg = Debug|iPhoneSimulator
		{2E8A3F0D-7EF0-4FC9-9792-E48A88515B4F}.Debug|Any CPU.Build.0 = Debug|iPhoneSimulator
		{2E8A3F0D-7EF0-4FC9-9792-E48A88515B4F}.Debug|ARM.ActiveCfg = Debug|iPhone
		{2E8A3F0D-7EF0-4FC9-9792-E48A88515B4F}.Debug|iPhone.ActiveCfg = Debug|iPhone
		{2E8A3F0D-7EF0-4FC9-9792-E48A88515B4F}.Debug|iPhone.Build.0 = Debug|iPhone
		{2E8A3F0D-7EF0-4FC9-9792-E48A88515B4F}.Debug|iPhoneSimulator.ActiveCfg = Debug|iPhoneSimulator
		{2E8A3F0D-7EF0-4FC9-9792-E48A88515B4F}.Debug|iPhoneSimulator.Build.0 = Debug|iPhoneSimulator
		{2E8A3F0D-7EF0-4FC9-9792-E48A88515B4F}.Debug|x64.ActiveCfg = Debug|iPhone
		{2E8A3F0D-7EF0-4FC9-9792-E48A88515B4F}.Debug|x86.ActiveCfg = Debug|iPhone
		{2E8A3F0D-7EF0-4FC9-9792-E48A88515B4F}.Release|Any CPU.ActiveCfg = Release|iPhone
		{2E8A3F0D-7EF0-4FC9-9792-E48A88515B4F}.Release|Any CPU.Build.0 = Release|iPhone
		{2E8A3F0D-7EF0-4FC9-9792-E48A88515B4F}.Release|ARM.ActiveCfg = Release|iPhoneSimulator
		{2E8A3F0D-7EF0-4FC9-9792-E48A88515B4F}.Release|iPhone.ActiveCfg = Release|iPhone
		{2E8A3F0D-7EF0-4FC9-9792-E48A88515B4F}.Release|iPhone.Build.0 = Release|iPhone
		{2E8A3F0D-7EF0-4FC9-9792-E48A88515B4F}.Release|iPhoneSimulator.ActiveCfg = Release|iPhoneSimulator
		{2E8A3F0D-7EF0-4FC9-9792-E48A88515B4F}.Release|iPhoneSimulator.Build.0 = Release|iPhoneSimulator
		{2E8A3F0D-7EF0-4FC9-9792-E48A88515B4F}.Release|x64.ActiveCfg = Release|iPhoneSimulator
		{2E8A3F0D-7EF0-4FC9-9792-E48A88515B4F}.Release|x86.ActiveCfg = Release|iPhoneSimulator
		{3F24CBA2-6606-45D2-BF72-5F8163C229D3}.Debug|Any CPU.ActiveCfg = Debug|Any CPU
		{3F24CBA2-6606-45D2-BF72-5F8163C229D3}.Debug|Any CPU.Build.0 = Debug|Any CPU
		{3F24CBA2-6606-45D2-BF72-5F8163C229D3}.Debug|ARM.ActiveCfg = Debug|Any CPU
		{3F24CBA2-6606-45D2-BF72-5F8163C229D3}.Debug|ARM.Build.0 = Debug|Any CPU
		{3F24CBA2-6606-45D2-BF72-5F8163C229D3}.Debug|ARM.Deploy.0 = Debug|Any CPU
		{3F24CBA2-6606-45D2-BF72-5F8163C229D3}.Debug|iPhone.ActiveCfg = Debug|Any CPU
		{3F24CBA2-6606-45D2-BF72-5F8163C229D3}.Debug|iPhone.Build.0 = Debug|Any CPU
		{3F24CBA2-6606-45D2-BF72-5F8163C229D3}.Debug|iPhoneSimulator.ActiveCfg = Debug|Any CPU
		{3F24CBA2-6606-45D2-BF72-5F8163C229D3}.Debug|iPhoneSimulator.Build.0 = Debug|Any CPU
		{3F24CBA2-6606-45D2-BF72-5F8163C229D3}.Debug|x64.ActiveCfg = Debug|Any CPU
		{3F24CBA2-6606-45D2-BF72-5F8163C229D3}.Debug|x64.Build.0 = Debug|Any CPU
		{3F24CBA2-6606-45D2-BF72-5F8163C229D3}.Debug|x64.Deploy.0 = Debug|Any CPU
		{3F24CBA2-6606-45D2-BF72-5F8163C229D3}.Debug|x86.ActiveCfg = Debug|Any CPU
		{3F24CBA2-6606-45D2-BF72-5F8163C229D3}.Debug|x86.Build.0 = Debug|Any CPU
		{3F24CBA2-6606-45D2-BF72-5F8163C229D3}.Debug|x86.Deploy.0 = Debug|Any CPU
		{3F24CBA2-6606-45D2-BF72-5F8163C229D3}.Release|Any CPU.ActiveCfg = Release|Any CPU
		{3F24CBA2-6606-45D2-BF72-5F8163C229D3}.Release|Any CPU.Build.0 = Release|Any CPU
		{3F24CBA2-6606-45D2-BF72-5F8163C229D3}.Release|ARM.ActiveCfg = Release|Any CPU
		{3F24CBA2-6606-45D2-BF72-5F8163C229D3}.Release|ARM.Build.0 = Release|Any CPU
		{3F24CBA2-6606-45D2-BF72-5F8163C229D3}.Release|ARM.Deploy.0 = Release|Any CPU
		{3F24CBA2-6606-45D2-BF72-5F8163C229D3}.Release|iPhone.ActiveCfg = Release|Any CPU
		{3F24CBA2-6606-45D2-BF72-5F8163C229D3}.Release|iPhone.Build.0 = Release|Any CPU
		{3F24CBA2-6606-45D2-BF72-5F8163C229D3}.Release|iPhoneSimulator.ActiveCfg = Release|Any CPU
		{3F24CBA2-6606-45D2-BF72-5F8163C229D3}.Release|iPhoneSimulator.Build.0 = Release|Any CPU
		{3F24CBA2-6606-45D2-BF72-5F8163C229D3}.Release|x64.ActiveCfg = Release|Any CPU
		{3F24CBA2-6606-45D2-BF72-5F8163C229D3}.Release|x64.Build.0 = Release|Any CPU
		{3F24CBA2-6606-45D2-BF72-5F8163C229D3}.Release|x64.Deploy.0 = Release|Any CPU
		{3F24CBA2-6606-45D2-BF72-5F8163C229D3}.Release|x86.ActiveCfg = Release|Any CPU
		{3F24CBA2-6606-45D2-BF72-5F8163C229D3}.Release|x86.Build.0 = Release|Any CPU
		{3F24CBA2-6606-45D2-BF72-5F8163C229D3}.Release|x86.Deploy.0 = Release|Any CPU
		{49B53460-E351-4CD1-80F0-56B69F196B50}.Debug|Any CPU.ActiveCfg = Debug|x86
		{49B53460-E351-4CD1-80F0-56B69F196B50}.Debug|Any CPU.Build.0 = Debug|x86
		{49B53460-E351-4CD1-80F0-56B69F196B50}.Debug|Any CPU.Deploy.0 = Debug|x86
		{49B53460-E351-4CD1-80F0-56B69F196B50}.Debug|ARM.ActiveCfg = Debug|ARM
		{49B53460-E351-4CD1-80F0-56B69F196B50}.Debug|ARM.Build.0 = Debug|ARM
		{49B53460-E351-4CD1-80F0-56B69F196B50}.Debug|ARM.Deploy.0 = Debug|ARM
		{49B53460-E351-4CD1-80F0-56B69F196B50}.Debug|iPhone.ActiveCfg = Debug|x86
		{49B53460-E351-4CD1-80F0-56B69F196B50}.Debug|iPhoneSimulator.ActiveCfg = Debug|x86
		{49B53460-E351-4CD1-80F0-56B69F196B50}.Debug|x64.ActiveCfg = Debug|x64
		{49B53460-E351-4CD1-80F0-56B69F196B50}.Debug|x64.Build.0 = Debug|x64
		{49B53460-E351-4CD1-80F0-56B69F196B50}.Debug|x64.Deploy.0 = Debug|x64
		{49B53460-E351-4CD1-80F0-56B69F196B50}.Debug|x86.ActiveCfg = Debug|x86
		{49B53460-E351-4CD1-80F0-56B69F196B50}.Debug|x86.Build.0 = Debug|x86
		{49B53460-E351-4CD1-80F0-56B69F196B50}.Debug|x86.Deploy.0 = Debug|x86
		{49B53460-E351-4CD1-80F0-56B69F196B50}.Release|Any CPU.ActiveCfg = Release|x86
		{49B53460-E351-4CD1-80F0-56B69F196B50}.Release|ARM.ActiveCfg = Release|ARM
		{49B53460-E351-4CD1-80F0-56B69F196B50}.Release|ARM.Build.0 = Release|ARM
		{49B53460-E351-4CD1-80F0-56B69F196B50}.Release|ARM.Deploy.0 = Release|ARM
		{49B53460-E351-4CD1-80F0-56B69F196B50}.Release|iPhone.ActiveCfg = Release|x86
		{49B53460-E351-4CD1-80F0-56B69F196B50}.Release|iPhoneSimulator.ActiveCfg = Release|x86
		{49B53460-E351-4CD1-80F0-56B69F196B50}.Release|x64.ActiveCfg = Release|x64
		{49B53460-E351-4CD1-80F0-56B69F196B50}.Release|x64.Build.0 = Release|x64
		{49B53460-E351-4CD1-80F0-56B69F196B50}.Release|x64.Deploy.0 = Release|x64
		{49B53460-E351-4CD1-80F0-56B69F196B50}.Release|x86.ActiveCfg = Release|x86
		{49B53460-E351-4CD1-80F0-56B69F196B50}.Release|x86.Build.0 = Release|x86
		{49B53460-E351-4CD1-80F0-56B69F196B50}.Release|x86.Deploy.0 = Release|x86
		{6957E4AA-93B7-4BE3-8D74-38D8BB2A94D3}.Debug|Any CPU.ActiveCfg = Debug|Any CPU
		{6957E4AA-93B7-4BE3-8D74-38D8BB2A94D3}.Debug|Any CPU.Build.0 = Debug|Any CPU
		{6957E4AA-93B7-4BE3-8D74-38D8BB2A94D3}.Debug|ARM.ActiveCfg = Debug|Any CPU
		{6957E4AA-93B7-4BE3-8D74-38D8BB2A94D3}.Debug|ARM.Build.0 = Debug|Any CPU
		{6957E4AA-93B7-4BE3-8D74-38D8BB2A94D3}.Debug|iPhone.ActiveCfg = Debug|Any CPU
		{6957E4AA-93B7-4BE3-8D74-38D8BB2A94D3}.Debug|iPhone.Build.0 = Debug|Any CPU
		{6957E4AA-93B7-4BE3-8D74-38D8BB2A94D3}.Debug|iPhoneSimulator.ActiveCfg = Debug|Any CPU
		{6957E4AA-93B7-4BE3-8D74-38D8BB2A94D3}.Debug|iPhoneSimulator.Build.0 = Debug|Any CPU
		{6957E4AA-93B7-4BE3-8D74-38D8BB2A94D3}.Debug|x64.ActiveCfg = Debug|Any CPU
		{6957E4AA-93B7-4BE3-8D74-38D8BB2A94D3}.Debug|x64.Build.0 = Debug|Any CPU
		{6957E4AA-93B7-4BE3-8D74-38D8BB2A94D3}.Debug|x86.ActiveCfg = Debug|Any CPU
		{6957E4AA-93B7-4BE3-8D74-38D8BB2A94D3}.Debug|x86.Build.0 = Debug|Any CPU
		{6957E4AA-93B7-4BE3-8D74-38D8BB2A94D3}.Release|Any CPU.ActiveCfg = Release|Any CPU
		{6957E4AA-93B7-4BE3-8D74-38D8BB2A94D3}.Release|Any CPU.Build.0 = Release|Any CPU
		{6957E4AA-93B7-4BE3-8D74-38D8BB2A94D3}.Release|ARM.ActiveCfg = Release|Any CPU
		{6957E4AA-93B7-4BE3-8D74-38D8BB2A94D3}.Release|ARM.Build.0 = Release|Any CPU
		{6957E4AA-93B7-4BE3-8D74-38D8BB2A94D3}.Release|iPhone.ActiveCfg = Release|Any CPU
		{6957E4AA-93B7-4BE3-8D74-38D8BB2A94D3}.Release|iPhone.Build.0 = Release|Any CPU
		{6957E4AA-93B7-4BE3-8D74-38D8BB2A94D3}.Release|iPhoneSimulator.ActiveCfg = Release|Any CPU
		{6957E4AA-93B7-4BE3-8D74-38D8BB2A94D3}.Release|iPhoneSimulator.Build.0 = Release|Any CPU
		{6957E4AA-93B7-4BE3-8D74-38D8BB2A94D3}.Release|x64.ActiveCfg = Release|Any CPU
		{6957E4AA-93B7-4BE3-8D74-38D8BB2A94D3}.Release|x64.Build.0 = Release|Any CPU
		{6957E4AA-93B7-4BE3-8D74-38D8BB2A94D3}.Release|x86.ActiveCfg = Release|Any CPU
		{6957E4AA-93B7-4BE3-8D74-38D8BB2A94D3}.Release|x86.Build.0 = Release|Any CPU
	EndGlobalSection
	GlobalSection(SolutionProperties) = preSolution
		HideSolutionNode = FALSE
	EndGlobalSection
EndGlobal
